
Microsoft Visual Studio Solution File, Format Version 12.00
# Visual Studio Version 16
VisualStudioVersion = 16.0.30204.135
MinimumVisualStudioVersion = 10.0.40219.1
Project("{9A19103F-16F7-4668-BE54-9A1E7A4F7556}") = "BasicAuth", "BasicAuth\BasicAuth.csproj", "{7E4DFBCA-154F-451F-A47A-0D6DF61CE4CE}"
EndProject
Project("{9A19103F-16F7-4668-BE54-9A1E7A4F7556}") = "IdentityExample", "IdentityExample\IdentityExample.csproj", "{B0137675-DC44-4684-9C4D-84E1CFA6E871}"
EndProject
Project("{2150E333-8FDC-42A3-9474-1A3956D46DE8}") = "basic", "basic", "{51DC166F-90C5-4058-9C81-104D2DB1515F}"
EndProject
Project("{2150E333-8FDC-42A3-9474-1A3956D46DE8}") = "oauth", "oauth", "{2E4A8957-AE01-4C39-A49B-79D13DB3819A}"
EndProject
Project("{9A19103F-16F7-4668-BE54-9A1E7A4F7556}") = "Server", "Server\Server.csproj", "{E133DE96-9611-4AA8-81DC-198C04AE9102}"
EndProject
Project("{9A19103F-16F7-4668-BE54-9A1E7A4F7556}") = "Client", "Client\Client.csproj", "{D7BCB6BA-6945-4B95-AA0E-5390AF0D225D}"
EndProject
Project("{9A19103F-16F7-4668-BE54-9A1E7A4F7556}") = "Api", "Api\Api.csproj", "{9BF7DB6C-67CE-41BD-B5FB-CC2C96115BA9}"
EndProject
Project("{2150E333-8FDC-42A3-9474-1A3956D46DE8}") = "Identityserver4", "Identityserver4", "{5DCE9D77-7FB2-46F7-AF24-85DF829A596B}"
EndProject
Project("{9A19103F-16F7-4668-BE54-9A1E7A4F7556}") = "identityserver", "identityserver\identityserver.csproj", "{6C01CBAD-294E-4C13-B466-0F79E307D245}"
EndProject
Project("{9A19103F-16F7-4668-BE54-9A1E7A4F7556}") = "ApiOne", "ApiOne\ApiOne.csproj", "{D88FF026-CA3E-48B7-B4F3-F16DE2289F27}"
EndProject
Project("{9A19103F-16F7-4668-BE54-9A1E7A4F7556}") = "ApiTwo", "ApiTwo\ApiTwo.csproj", "{C768DC1D-7A7C-47E4-82F1-B8FB9B2A8214}"
EndProject
Project("{9A19103F-16F7-4668-BE54-9A1E7A4F7556}") = "IdentityServer1", "IdentityServer1\IdentityServer1.csproj", "{E14DF1D8-95AC-40B9-BA0E-4DCE4AAD3CFF}"
EndProject
Project("{9A19103F-16F7-4668-BE54-9A1E7A4F7556}") = "ApiOne_1", "ApiOne_1\ApiOne_1.csproj", "{EAC223EC-EA3C-4CA1-A3AD-E18CEFE7A47C}"
EndProject
Project("{9A19103F-16F7-4668-BE54-9A1E7A4F7556}") = "MvcClient", "MvcClient\MvcClient.csproj", "{8FCE1BD4-75CC-430A-9550-F4DD8C13DF13}"
EndProject
Project("{FAE04EC0-301F-11D3-BF4B-00C04F79EFBC}") = "JavascriptClient", "JavascriptClient\JavascriptClient.csproj", "{B09DCEF2-C5E9-49AF-8F13-1DD0A454D9BA}"
EndProject
Global
	GlobalSection(SolutionConfigurationPlatforms) = preSolution
		Debug|Any CPU = Debug|Any CPU
		Release|Any CPU = Release|Any CPU
	EndGlobalSection
	GlobalSection(ProjectConfigurationPlatforms) = postSolution
		{7E4DFBCA-154F-451F-A47A-0D6DF61CE4CE}.Debug|Any CPU.ActiveCfg = Debug|Any CPU
		{7E4DFBCA-154F-451F-A47A-0D6DF61CE4CE}.Debug|Any CPU.Build.0 = Debug|Any CPU
		{7E4DFBCA-154F-451F-A47A-0D6DF61CE4CE}.Release|Any CPU.ActiveCfg = Release|Any CPU
		{7E4DFBCA-154F-451F-A47A-0D6DF61CE4CE}.Release|Any CPU.Build.0 = Release|Any CPU
		{B0137675-DC44-4684-9C4D-84E1CFA6E871}.Debug|Any CPU.ActiveCfg = Debug|Any CPU
		{B0137675-DC44-4684-9C4D-84E1CFA6E871}.Debug|Any CPU.Build.0 = Debug|Any CPU
		{B0137675-DC44-4684-9C4D-84E1CFA6E871}.Release|Any CPU.ActiveCfg = Release|Any CPU
		{B0137675-DC44-4684-9C4D-84E1CFA6E871}.Release|Any CPU.Build.0 = Release|Any CPU
		{E133DE96-9611-4AA8-81DC-198C04AE9102}.Debug|Any CPU.ActiveCfg = Debug|Any CPU
		{E133DE96-9611-4AA8-81DC-198C04AE9102}.Debug|Any CPU.Build.0 = Debug|Any CPU
		{E133DE96-9611-4AA8-81DC-198C04AE9102}.Release|Any CPU.ActiveCfg = Release|Any CPU
		{E133DE96-9611-4AA8-81DC-198C04AE9102}.Release|Any CPU.Build.0 = Release|Any CPU
		{D7BCB6BA-6945-4B95-AA0E-5390AF0D225D}.Debug|Any CPU.ActiveCfg = Debug|Any CPU
		{D7BCB6BA-6945-4B95-AA0E-5390AF0D225D}.Debug|Any CPU.Build.0 = Debug|Any CPU
		{D7BCB6BA-6945-4B95-AA0E-5390AF0D225D}.Release|Any CPU.ActiveCfg = Release|Any CPU
		{D7BCB6BA-6945-4B95-AA0E-5390AF0D225D}.Release|Any CPU.Build.0 = Release|Any CPU
		{9BF7DB6C-67CE-41BD-B5FB-CC2C96115BA9}.Debug|Any CPU.ActiveCfg = Debug|Any CPU
		{9BF7DB6C-67CE-41BD-B5FB-CC2C96115BA9}.Debug|Any CPU.Build.0 = Debug|Any CPU
		{9BF7DB6C-67CE-41BD-B5FB-CC2C96115BA9}.Release|Any CPU.ActiveCfg = Release|Any CPU
		{9BF7DB6C-67CE-41BD-B5FB-CC2C96115BA9}.Release|Any CPU.Build.0 = Release|Any CPU
		{6C01CBAD-294E-4C13-B466-0F79E307D245}.Debug|Any CPU.ActiveCfg = Debug|Any CPU
		{6C01CBAD-294E-4C13-B466-0F79E307D245}.Debug|Any CPU.Build.0 = Debug|Any CPU
		{6C01CBAD-294E-4C13-B466-0F79E307D245}.Release|Any CPU.ActiveCfg = Release|Any CPU
		{6C01CBAD-294E-4C13-B466-0F79E307D245}.Release|Any CPU.Build.0 = Release|Any CPU
		{D88FF026-CA3E-48B7-B4F3-F16DE2289F27}.Debug|Any CPU.ActiveCfg = Debug|Any CPU
		{D88FF026-CA3E-48B7-B4F3-F16DE2289F27}.Debug|Any CPU.Build.0 = Debug|Any CPU
		{D88FF026-CA3E-48B7-B4F3-F16DE2289F27}.Release|Any CPU.ActiveCfg = Release|Any CPU
		{D88FF026-CA3E-48B7-B4F3-F16DE2289F27}.Release|Any CPU.Build.0 = Release|Any CPU
		{C768DC1D-7A7C-47E4-82F1-B8FB9B2A8214}.Debug|Any CPU.ActiveCfg = Debug|Any CPU
		{C768DC1D-7A7C-47E4-82F1-B8FB9B2A8214}.Debug|Any CPU.Build.0 = Debug|Any CPU
		{C768DC1D-7A7C-47E4-82F1-B8FB9B2A8214}.Release|Any CPU.ActiveCfg = Release|Any CPU
		{C768DC1D-7A7C-47E4-82F1-B8FB9B2A8214}.Release|Any CPU.Build.0 = Release|Any CPU
		{E14DF1D8-95AC-40B9-BA0E-4DCE4AAD3CFF}.Debug|Any CPU.ActiveCfg = Debug|Any CPU
		{E14DF1D8-95AC-40B9-BA0E-4DCE4AAD3CFF}.Debug|Any CPU.Build.0 = Debug|Any CPU
		{E14DF1D8-95AC-40B9-BA0E-4DCE4AAD3CFF}.Release|Any CPU.ActiveCfg = Release|Any CPU
		{E14DF1D8-95AC-40B9-BA0E-4DCE4AAD3CFF}.Release|Any CPU.Build.0 = Release|Any CPU
		{EAC223EC-EA3C-4CA1-A3AD-E18CEFE7A47C}.Debug|Any CPU.ActiveCfg = Debug|Any CPU
		{EAC223EC-EA3C-4CA1-A3AD-E18CEFE7A47C}.Debug|Any CPU.Build.0 = Debug|Any CPU
		{EAC223EC-EA3C-4CA1-A3AD-E18CEFE7A47C}.Release|Any CPU.ActiveCfg = Release|Any CPU
		{EAC223EC-EA3C-4CA1-A3AD-E18CEFE7A47C}.Release|Any CPU.Build.0 = Release|Any CPU
		{8FCE1BD4-75CC-430A-9550-F4DD8C13DF13}.Debug|Any CPU.ActiveCfg = Debug|Any CPU
		{8FCE1BD4-75CC-430A-9550-F4DD8C13DF13}.Debug|Any CPU.Build.0 = Debug|Any CPU
		{8FCE1BD4-75CC-430A-9550-F4DD8C13DF13}.Release|Any CPU.ActiveCfg = Release|Any CPU
		{8FCE1BD4-75CC-430A-9550-F4DD8C13DF13}.Release|Any CPU.Build.0 = Release|Any CPU
		{B09DCEF2-C5E9-49AF-8F13-1DD0A454D9BA}.Debug|Any CPU.ActiveCfg = Debug|Any CPU
		{B09DCEF2-C5E9-49AF-8F13-1DD0A454D9BA}.Debug|Any CPU.Build.0 = Debug|Any CPU
		{B09DCEF2-C5E9-49AF-8F13-1DD0A454D9BA}.Release|Any CPU.ActiveCfg = Release|Any CPU
		{B09DCEF2-C5E9-49AF-8F13-1DD0A454D9BA}.Release|Any CPU.Build.0 = Release|Any CPU
	EndGlobalSection
	GlobalSection(SolutionProperties) = preSolution
		HideSolutionNode = FALSE
	EndGlobalSection
	GlobalSection(NestedProjects) = preSolution
		{7E4DFBCA-154F-451F-A47A-0D6DF61CE4CE} = {51DC166F-90C5-4058-9C81-104D2DB1515F}
		{B0137675-DC44-4684-9C4D-84E1CFA6E871} = {51DC166F-90C5-4058-9C81-104D2DB1515F}
		{E133DE96-9611-4AA8-81DC-198C04AE9102} = {2E4A8957-AE01-4C39-A49B-79D13DB3819A}
		{D7BCB6BA-6945-4B95-AA0E-5390AF0D225D} = {2E4A8957-AE01-4C39-A49B-79D13DB3819A}
		{9BF7DB6C-67CE-41BD-B5FB-CC2C96115BA9} = {2E4A8957-AE01-4C39-A49B-79D13DB3819A}
		{6C01CBAD-294E-4C13-B466-0F79E307D245} = {5DCE9D77-7FB2-46F7-AF24-85DF829A596B}
		{D88FF026-CA3E-48B7-B4F3-F16DE2289F27} = {5DCE9D77-7FB2-46F7-AF24-85DF829A596B}
		{C768DC1D-7A7C-47E4-82F1-B8FB9B2A8214} = {5DCE9D77-7FB2-46F7-AF24-85DF829A596B}
		{E14DF1D8-95AC-40B9-BA0E-4DCE4AAD3CFF} = {5DCE9D77-7FB2-46F7-AF24-85DF829A596B}
		{EAC223EC-EA3C-4CA1-A3AD-E18CEFE7A47C} = {5DCE9D77-7FB2-46F7-AF24-85DF829A596B}
		{8FCE1BD4-75CC-430A-9550-F4DD8C13DF13} = {5DCE9D77-7FB2-46F7-AF24-85DF829A596B}
		{B09DCEF2-C5E9-49AF-8F13-1DD0A454D9BA} = {5DCE9D77-7FB2-46F7-AF24-85DF829A596B}
	EndGlobalSection
	GlobalSection(ExtensibilityGlobals) = postSolution
		SolutionGuid = {1230D793-02E0-47B8-B1C3-6308B7DF98FE}
	EndGlobalSection
EndGlobal
